
Microsoft Visual Studio Solution File, Format Version 12.00
# Visual Studio Version 17
VisualStudioVersion = 17.9.34607.119
MinimumVisualStudioVersion = 10.0.40219.1
Project("{8BC9CEB8-8B4A-11D0-8D11-00A0C91BC942}") = "Aula005condicional", "Aula005condicional\Aula005condicional.vcxproj", "{5C9EC049-AF71-40D2-8667-0959B6A45131}"
EndProject
Global
	GlobalSection(SolutionConfigurationPlatforms) = preSolution
		Debug|x64 = Debug|x64
		Debug|x86 = Debug|x86
		Release|x64 = Release|x64
		Release|x86 = Release|x86
	EndGlobalSection
	GlobalSection(ProjectConfigurationPlatforms) = postSolution
		{5C9EC049-AF71-40D2-8667-0959B6A45131}.Debug|x64.ActiveCfg = Debug|x64
		{5C9EC049-AF71-40D2-8667-0959B6A45131}.Debug|x64.Build.0 = Debug|x64
		{5C9EC049-AF71-40D2-8667-0959B6A45131}.Debug|x86.ActiveCfg = Debug|Win32
		{5C9EC049-AF71-40D2-8667-0959B6A45131}.Debug|x86.Build.0 = Debug|Win32
		{5C9EC049-AF71-40D2-8667-0959B6A45131}.Release|x64.ActiveCfg = Release|x64
		{5C9EC049-AF71-40D2-8667-0959B6A45131}.Release|x64.Build.0 = Release|x64
		{5C9EC049-AF71-40D2-8667-0959B6A45131}.Release|x86.ActiveCfg = Release|Win32
		{5C9EC049-AF71-40D2-8667-0959B6A45131}.Release|x86.Build.0 = Release|Win32
	EndGlobalSection
	GlobalSection(SolutionProperties) = preSolution
		HideSolutionNode = FALSE
	EndGlobalSection
	GlobalSection(ExtensibilityGlobals) = postSolution
		SolutionGuid = {E36AED37-E2E6-4EE6-B432-464A644740C8}
	EndGlobalSection
EndGlobal
